
Microsoft Visual Studio Solution File, Format Version 12.00
# Visual Studio Version 17
VisualStudioVersion = 17.3.32929.385
MinimumVisualStudioVersion = 10.0.40219.1
Project("{FAE04EC0-301F-11D3-BF4B-00C04F79EFBC}") = "GraphqlSample", "GraphqlSample\GraphqlSample.csproj", "{14895A00-1670-4967-85FE-A966326E9778}"
EndProject
Global
	GlobalSection(SolutionConfigurationPlatforms) = preSolution
		Debug|Any CPU = Debug|Any CPU
		Release|Any CPU = Release|Any CPU
	EndGlobalSection
	GlobalSection(ProjectConfigurationPlatforms) = postSolution
		{14895A00-1670-4967-85FE-A966326E9778}.Debug|Any CPU.ActiveCfg = Debug|Any CPU
		{14895A00-1670-4967-85FE-A966326E9778}.Debug|Any CPU.Build.0 = Debug|Any CPU
		{14895A00-1670-4967-85FE-A966326E9778}.Release|Any CPU.ActiveCfg = Release|Any CPU
		{14895A00-1670-4967-85FE-A966326E9778}.Release|Any CPU.Build.0 = Release|Any CPU
	EndGlobalSection
	GlobalSection(SolutionProperties) = preSolution
		HideSolutionNode = FALSE
	EndGlobalSection
	GlobalSection(ExtensibilityGlobals) = postSolution
		SolutionGuid = {EF5E7CBF-280E-4A83-8B4A-CF2D7AF52822}
	EndGlobalSection
EndGlobal
